// !$*UTF8*$!
{
	archiveVersion = 1;
	classes = {
	};
	objectVersion = 77;
	objects = {

/* Begin PBXContainerItemProxy section */
		2C4A3DD72DA45D4100CA818A /* PBXContainerItemProxy */ = {
			isa = PBXContainerItemProxy;
			containerPortal = 2C4A3DBC2DA45D3F00CA818A /* Project object */;
			proxyType = 1;
			remoteGlobalIDString = 2C4A3DC32DA45D3F00CA818A;
			remoteInfo = effectMobileTestTask;
		};
		2C4A3DE12DA45D4100CA818A /* PBXContainerItemProxy */ = {
			isa = PBXContainerItemProxy;
			containerPortal = 2C4A3DBC2DA45D3F00CA818A /* Project object */;
			proxyType = 1;
			remoteGlobalIDString = 2C4A3DC32DA45D3F00CA818A;
			remoteInfo = effectMobileTestTask;
		};
/* End PBXContainerItemProxy section */

/* Begin PBXFileReference section */
		2C4A3DC42DA45D3F00CA818A /* effectMobileTestTask.app */ = {isa = PBXFileReference; explicitFileType = wrapper.application; includeInIndex = 0; path = effectMobileTestTask.app; sourceTree = BUILT_PRODUCTS_DIR; };
		2C4A3DD62DA45D4100CA818A /* effectMobileTestTaskTests.xctest */ = {isa = PBXFileReference; explicitFileType = wrapper.cfbundle; includeInIndex = 0; path = effectMobileTestTaskTests.xctest; sourceTree = BUILT_PRODUCTS_DIR; };
		2C4A3DE02DA45D4100CA818A /* effectMobileTestTaskUITests.xctest */ = {isa = PBXFileReference; explicitFileType = wrapper.cfbundle; includeInIndex = 0; path = effectMobileTestTaskUITests.xctest; sourceTree = BUILT_PRODUCTS_DIR; };
/* End PBXFileReference section */

/* Begin PBXFileSystemSynchronizedRootGroup section */
		2C4A3DC62DA45D3F00CA818A /* effectMobileTestTask */ = {
			isa = PBXFileSystemSynchronizedRootGroup;
			path = effectMobileTestTask;
			sourceTree = "<group>";
		};
		2C4A3DD92DA45D4100CA818A /* effectMobileTestTaskTests */ = {
			isa = PBXFileSystemSynchronizedRootGroup;
			path = effectMobileTestTaskTests;
			sourceTree = "<group>";
		};
		2C4A3DE32DA45D4100CA818A /* effectMobileTestTaskUITests */ = {
			isa = PBXFileSystemSynchronizedRootGroup;
			path = effectMobileTestTaskUITests;
			sourceTree = "<group>";
		};
/* End PBXFileSystemSynchronizedRootGroup section */

/* Begin PBXFrameworksBuildPhase section */
		2C4A3DC12DA45D3F00CA818A /* Frameworks */ = {
			isa = PBXFrameworksBuildPhase;
			buildActionMask = 2147483647;
			files = (
			);
			runOnlyForDeploymentPostprocessing = 0;
		};
		2C4A3DD32DA45D4100CA818A /* Frameworks */ = {
			isa = PBXFrameworksBuildPhase;
			buildActionMask = 2147483647;
			files = (
			);
			runOnlyForDeploymentPostprocessing = 0;
		};
		2C4A3DDD2DA45D4100CA818A /* Frameworks */ = {
			isa = PBXFrameworksBuildPhase;
			buildActionMask = 2147483647;
			files = (
			);
			runOnlyForDeploymentPostprocessing = 0;
		};
/* End PBXFrameworksBuildPhase section */

/* Begin PBXGroup section */
		2C4A3DBB2DA45D3F00CA818A = {
			isa = PBXGroup;
			children = (
				2C4A3DC62DA45D3F00CA818A /* effectMobileTestTask */,
				2C4A3DD92DA45D4100CA818A /* effectMobileTestTaskTests */,
				2C4A3DE32DA45D4100CA818A /* effectMobileTestTaskUITests */,
				2C4A3DC52DA45D3F00CA818A /* Products */,
			);
			sourceTree = "<group>";
		};
		2C4A3DC52DA45D3F00CA818A /* Products */ = {
			isa = PBXGroup;
			children = (
				2C4A3DC42DA45D3F00CA818A /* effectMobileTestTask.app */,
				2C4A3DD62DA45D4100CA818A /* effectMobileTestTaskTests.xctest */,
				2C4A3DE02DA45D4100CA818A /* effectMobileTestTaskUITests.xctest */,
			);
			name = Products;
			sourceTree = "<group>";
		};
/* End PBXGroup section */

/* Begin PBXNativeTarget section */
		2C4A3DC32DA45D3F00CA818A /* effectMobileTestTask */ = {
			isa = PBXNativeTarget;
			buildConfigurationList = 2C4A3DEA2DA45D4100CA818A /* Build configuration list for PBXNativeTarget "effectMobileTestTask" */;
			buildPhases = (
				2C4A3DC02DA45D3F00CA818A /* Sources */,
				2C4A3DC12DA45D3F00CA818A /* Frameworks */,
				2C4A3DC22DA45D3F00CA818A /* Resources */,
			);
			buildRules = (
			);
			dependencies = (
			);
			fileSystemSynchronizedGroups = (
				2C4A3DC62DA45D3F00CA818A /* effectMobileTestTask */,
			);
			name = effectMobileTestTask;
			packageProductDependencies = (
			);
			productName = effectMobileTestTask;
			productReference = 2C4A3DC42DA45D3F00CA818A /* effectMobileTestTask.app */;
			productType = "com.apple.product-type.application";
		};
		2C4A3DD52DA45D4100CA818A /* effectMobileTestTaskTests */ = {
			isa = PBXNativeTarget;
			buildConfigurationList = 2C4A3DED2DA45D4100CA818A /* Build configuration list for PBXNativeTarget "effectMobileTestTaskTests" */;
			buildPhases = (
				2C4A3DD22DA45D4100CA818A /* Sources */,
				2C4A3DD32DA45D4100CA818A /* Frameworks */,
				2C4A3DD42DA45D4100CA818A /* Resources */,
			);
			buildRules = (
			);
			dependencies = (
				2C4A3DD82DA45D4100CA818A /* PBXTargetDependency */,
			);
			fileSystemSynchronizedGroups = (
				2C4A3DD92DA45D4100CA818A /* effectMobileTestTaskTests */,
			);
			name = effectMobileTestTaskTests;
			packageProductDependencies = (
			);
			productName = effectMobileTestTaskTests;
			productReference = 2C4A3DD62DA45D4100CA818A /* effectMobileTestTaskTests.xctest */;
			productType = "com.apple.product-type.bundle.unit-test";
		};
		2C4A3DDF2DA45D4100CA818A /* effectMobileTestTaskUITests */ = {
			isa = PBXNativeTarget;
			buildConfigurationList = 2C4A3DF02DA45D4100CA818A /* Build configuration list for PBXNativeTarget "effectMobileTestTaskUITests" */;
			buildPhases = (
				2C4A3DDC2DA45D4100CA818A /* Sources */,
				2C4A3DDD2DA45D4100CA818A /* Frameworks */,
				2C4A3DDE2DA45D4100CA818A /* Resources */,
			);
			buildRules = (
			);
			dependencies = (
				2C4A3DE22DA45D4100CA818A /* PBXTargetDependency */,
			);
			fileSystemSynchronizedGroups = (
				2C4A3DE32DA45D4100CA818A /* effectMobileTestTaskUITests */,
			);
			name = effectMobileTestTaskUITests;
			packageProductDependencies = (
			);
			productName = effectMobileTestTaskUITests;
			productReference = 2C4A3DE02DA45D4100CA818A /* effectMobileTestTaskUITests.xctest */;
			productType = "com.apple.product-type.bundle.ui-testing";
		};
/* End PBXNativeTarget section */

/* Begin PBXProject section */
		2C4A3DBC2DA45D3F00CA818A /* Project object */ = {
			isa = PBXProject;
			attributes = {
				BuildIndependentTargetsInParallel = 1;
				LastSwiftUpdateCheck = 1630;
				LastUpgradeCheck = 1630;
				TargetAttributes = {
					2C4A3DC32DA45D3F00CA818A = {
						CreatedOnToolsVersion = 16.3;
					};
					2C4A3DD52DA45D4100CA818A = {
						CreatedOnToolsVersion = 16.3;
						TestTargetID = 2C4A3DC32DA45D3F00CA818A;
					};
					2C4A3DDF2DA45D4100CA818A = {
						CreatedOnToolsVersion = 16.3;
						TestTargetID = 2C4A3DC32DA45D3F00CA818A;
					};
				};
			};
			buildConfigurationList = 2C4A3DBF2DA45D3F00CA818A /* Build configuration list for PBXProject "effectMobileTestTask" */;
			developmentRegion = en;
			hasScannedForEncodings = 0;
			knownRegions = (
				en,
				Base,
			);
			mainGroup = 2C4A3DBB2DA45D3F00CA818A;
			minimizedProjectReferenceProxies = 1;
			preferredProjectObjectVersion = 77;
			productRefGroup = 2C4A3DC52DA45D3F00CA818A /* Products */;
			projectDirPath = "";
			projectRoot = "";
			targets = (
				2C4A3DC32DA45D3F00CA818A /* effectMobileTestTask */,
				2C4A3DD52DA45D4100CA818A /* effectMobileTestTaskTests */,
				2C4A3DDF2DA45D4100CA818A /* effectMobileTestTaskUITests */,
			);
		};
/* End PBXProject section */

/* Begin PBXResourcesBuildPhase section */
		2C4A3DC22DA45D3F00CA818A /* Resources */ = {
			isa = PBXResourcesBuildPhase;
			buildActionMask = 2147483647;
			files = (
			);
			runOnlyForDeploymentPostprocessing = 0;
		};
		2C4A3DD42DA45D4100CA818A /* Resources */ = {
			isa = PBXResourcesBuildPhase;
			buildActionMask = 2147483647;
			files = (
			);
			runOnlyForDeploymentPostprocessing = 0;
		};
		2C4A3DDE2DA45D4100CA818A /* Resources */ = {
			isa = PBXResourcesBuildPhase;
			buildActionMask = 2147483647;
			files = (
			);
			runOnlyForDeploymentPostprocessing = 0;
		};
/* End PBXResourcesBuildPhase section */

/* Begin PBXSourcesBuildPhase section */
		2C4A3DC02DA45D3F00CA818A /* Sources */ = {
			isa = PBXSourcesBuildPhase;
			buildActionMask = 2147483647;
			files = (
			);
			runOnlyForDeploymentPostprocessing = 0;
		};
		2C4A3DD22DA45D4100CA818A /* Sources */ = {
			isa = PBXSourcesBuildPhase;
			buildActionMask = 2147483647;
			files = (
			);
			runOnlyForDeploymentPostprocessing = 0;
		};
		2C4A3DDC2DA45D4100CA818A /* Sources */ = {
			isa = PBXSourcesBuildPhase;
			buildActionMask = 2147483647;
			files = (
			);
			runOnlyForDeploymentPostprocessing = 0;
		};
/* End PBXSourcesBuildPhase section */

/* Begin PBXTargetDependency section */
		2C4A3DD82DA45D4100CA818A /* PBXTargetDependency */ = {
			isa = PBXTargetDependency;
			target = 2C4A3DC32DA45D3F00CA818A /* effectMobileTestTask */;
			targetProxy = 2C4A3DD72DA45D4100CA818A /* PBXContainerItemProxy */;
		};
		2C4A3DE22DA45D4100CA818A /* PBXTargetDependency */ = {
			isa = PBXTargetDependency;
			target = 2C4A3DC32DA45D3F00CA818A /* effectMobileTestTask */;
			targetProxy = 2C4A3DE12DA45D4100CA818A /* PBXContainerItemProxy */;
		};
/* End PBXTargetDependency section */

/* Begin XCBuildConfiguration section */
		2C4A3DE82DA45D4100CA818A /* Debug */ = {
			isa = XCBuildConfiguration;
			buildSettings = {
				ALWAYS_SEARCH_USER_PATHS = NO;
				ASSETCATALOG_COMPILER_GENERATE_SWIFT_ASSET_SYMBOL_EXTENSIONS = YES;
				CLANG_ANALYZER_NONNULL = YES;
				CLANG_ANALYZER_NUMBER_OBJECT_CONVERSION = YES_AGGRESSIVE;
				CLANG_CXX_LANGUAGE_STANDARD = "gnu++20";
				CLANG_ENABLE_MODULES = YES;
				CLANG_ENABLE_OBJC_ARC = YES;
				CLANG_ENABLE_OBJC_WEAK = YES;
				CLANG_WARN_BLOCK_CAPTURE_AUTORELEASING = YES;
				CLANG_WARN_BOOL_CONVERSION = YES;
				CLANG_WARN_COMMA = YES;
				CLANG_WARN_CONSTANT_CONVERSION = YES;
				CLANG_WARN_DEPRECATED_OBJC_IMPLEMENTATIONS = YES;
				CLANG_WARN_DIRECT_OBJC_ISA_USAGE = YES_ERROR;
				CLANG_WARN_DOCUMENTATION_COMMENTS = YES;
				CLANG_WARN_EMPTY_BODY = YES;
				CLANG_WARN_ENUM_CONVERSION = YES;
				CLANG_WARN_INFINITE_RECURSION = YES;
				CLANG_WARN_INT_CONVERSION = YES;
				CLANG_WARN_NON_LITERAL_NULL_CONVERSION = YES;
				CLANG_WARN_OBJC_IMPLICIT_RETAIN_SELF = YES;
				CLANG_WARN_OBJC_LITERAL_CONVERSION = YES;
				CLANG_WARN_OBJC_ROOT_CLASS = YES_ERROR;
				CLANG_WARN_QUOTED_INCLUDE_IN_FRAMEWORK_HEADER = YES;
				CLANG_WARN_RANGE_LOOP_ANALYSIS = YES;
				CLANG_WARN_STRICT_PROTOTYPES = YES;
				CLANG_WARN_SUSPICIOUS_MOVE = YES;
				CLANG_WARN_UNGUARDED_AVAILABILITY = YES_AGGRESSIVE;
				CLANG_WARN_UNREACHABLE_CODE = YES;
				CLANG_WARN__DUPLICATE_METHOD_MATCH = YES;
				COPY_PHASE_STRIP = NO;
				DEBUG_INFORMATION_FORMAT = dwarf;
				DEVELOPMENT_TEAM = 9FWV8TD269;
				ENABLE_STRICT_OBJC_MSGSEND = YES;
				ENABLE_TESTABILITY = YES;
				ENABLE_USER_SCRIPT_SANDBOXING = YES;
				GCC_C_LANGUAGE_STANDARD = gnu17;
				GCC_DYNAMIC_NO_PIC = NO;
				GCC_NO_COMMON_BLOCKS = YES;
				GCC_OPTIMIZATION_LEVEL = 0;
				GCC_PREPROCESSOR_DEFINITIONS = (
					"DEBUG=1",
					"$(inherited)",
				);
				GCC_WARN_64_TO_32_BIT_CONVERSION = YES;
				GCC_WARN_ABOUT_RETURN_TYPE = YES_ERROR;
				GCC_WARN_UNDECLARED_SELECTOR = YES;
				GCC_WARN_UNINITIALIZED_AUTOS = YES_AGGRESSIVE;
				GCC_WARN_UNUSED_FUNCTION = YES;
				GCC_WARN_UNUSED_VARIABLE = YES;
				IPHONEOS_DEPLOYMENT_TARGET = 18.4;
				LOCALIZATION_PREFERS_STRING_CATALOGS = YES;
				MTL_ENABLE_DEBUG_INFO = INCLUDE_SOURCE;
				MTL_FAST_MATH = YES;
				ONLY_ACTIVE_ARCH = YES;
				SDKROOT = iphoneos;
				SWIFT_ACTIVE_COMPILATION_CONDITIONS = "DEBUG $(inherited)";
				SWIFT_OPTIMIZATION_LEVEL = "-Onone";
			};
			name = Debug;
		};
		2C4A3DE92DA45D4100CA818A /* Release */ = {
			isa = XCBuildConfiguration;
			buildSettings = {
				ALWAYS_SEARCH_USER_PATHS = NO;
				ASSETCATALOG_COMPILER_GENERATE_SWIFT_ASSET_SYMBOL_EXTENSIONS = YES;
				CLANG_ANALYZER_NONNULL = YES;
				CLANG_ANALYZER_NUMBER_OBJECT_CONVERSION = YES_AGGRESSIVE;
				CLANG_CXX_LANGUAGE_STANDARD = "gnu++20";
				CLANG_ENABLE_MODULES = YES;
				CLANG_ENABLE_OBJC_ARC = YES;
				CLANG_ENABLE_OBJC_WEAK = YES;
				CLANG_WARN_BLOCK_CAPTURE_AUTORELEASING = YES;
				CLANG_WARN_BOOL_CONVERSION = YES;
				CLANG_WARN_COMMA = YES;
				CLANG_WARN_CONSTANT_CONVERSION = YES;
				CLANG_WARN_DEPRECATED_OBJC_IMPLEMENTATIONS = YES;
				CLANG_WARN_DIRECT_OBJC_ISA_USAGE = YES_ERROR;
				CLANG_WARN_DOCUMENTATION_COMMENTS = YES;
				CLANG_WARN_EMPTY_BODY = YES;
				CLANG_WARN_ENUM_CONVERSION = YES;
				CLANG_WARN_INFINITE_RECURSION = YES;
				CLANG_WARN_INT_CONVERSION = YES;
				CLANG_WARN_NON_LITERAL_NULL_CONVERSION = YES;
				CLANG_WARN_OBJC_IMPLICIT_RETAIN_SELF = YES;
				CLANG_WARN_OBJC_LITERAL_CONVERSION = YES;
				CLANG_WARN_OBJC_ROOT_CLASS = YES_ERROR;
				CLANG_WARN_QUOTED_INCLUDE_IN_FRAMEWORK_HEADER = YES;
				CLANG_WARN_RANGE_LOOP_ANALYSIS = YES;
				CLANG_WARN_STRICT_PROTOTYPES = YES;
				CLANG_WARN_SUSPICIOUS_MOVE = YES;
				CLANG_WARN_UNGUARDED_AVAILABILITY = YES_AGGRESSIVE;
				CLANG_WARN_UNREACHABLE_CODE = YES;
				CLANG_WARN__DUPLICATE_METHOD_MATCH = YES;
				COPY_PHASE_STRIP = NO;
				DEBUG_INFORMATION_FORMAT = "dwarf-with-dsym";
				DEVELOPMENT_TEAM = 9FWV8TD269;
				ENABLE_NS_ASSERTIONS = NO;
				ENABLE_STRICT_OBJC_MSGSEND = YES;
				ENABLE_USER_SCRIPT_SANDBOXING = YES;
				GCC_C_LANGUAGE_STANDARD = gnu17;
				GCC_NO_COMMON_BLOCKS = YES;
				GCC_WARN_64_TO_32_BIT_CONVERSION = YES;
				GCC_WARN_ABOUT_RETURN_TYPE = YES_ERROR;
				GCC_WARN_UNDECLARED_SELECTOR = YES;
				GCC_WARN_UNINITIALIZED_AUTOS = YES_AGGRESSIVE;
				GCC_WARN_UNUSED_FUNCTION = YES;
				GCC_WARN_UNUSED_VARIABLE = YES;
				IPHONEOS_DEPLOYMENT_TARGET = 18.4;
				LOCALIZATION_PREFERS_STRING_CATALOGS = YES;
				MTL_ENABLE_DEBUG_INFO = NO;
				MTL_FAST_MATH = YES;
				SDKROOT = iphoneos;
				SWIFT_COMPILATION_MODE = wholemodule;
				VALIDATE_PRODUCT = YES;
			};
			name = Release;
		};
		2C4A3DEB2DA45D4100CA818A /* Debug */ = {
			isa = XCBuildConfiguration;
			buildSettings = {
				ASSETCATALOG_COMPILER_APPICON_NAME = AppIcon;
				ASSETCATALOG_COMPILER_GLOBAL_ACCENT_COLOR_NAME = AccentColor;
				CODE_SIGN_STYLE = Automatic;
				CURRENT_PROJECT_VERSION = 1;
				DEVELOPMENT_TEAM = 9FWV8TD269;
				ENABLE_PREVIEWS = YES;
				GENERATE_INFOPLIST_FILE = YES;
				INFOPLIST_KEY_UIApplicationSceneManifest_Generation = YES;
				INFOPLIST_KEY_UIApplicationSupportsIndirectInputEvents = YES;
				INFOPLIST_KEY_UILaunchScreen_Generation = YES;
				INFOPLIST_KEY_UISupportedInterfaceOrientations_iPad = "UIInterfaceOrientationPortrait UIInterfaceOrientationPortraitUpsideDown UIInterfaceOrientationLandscapeLeft UIInterfaceOrientationLandscapeRight";
				INFOPLIST_KEY_UISupportedInterfaceOrientations_iPhone = "UIInterfaceOrientationPortrait UIInterfaceOrientationLandscapeLeft UIInterfaceOrientationLandscapeRight";
				LD_RUNPATH_SEARCH_PATHS = (
					"$(inherited)",
					"@executable_path/Frameworks",
				);
				MARKETING_VERSION = 1.0;
				PRODUCT_BUNDLE_IDENTIFIER = "Ramazanow-Roman.effectMobileTestTask";
				PRODUCT_NAME = "$(TARGET_NAME)";
				SWIFT_EMIT_LOC_STRINGS = YES;
				SWIFT_VERSION = 5.0;
				TARGETED_DEVICE_FAMILY = "1,2";
			};
			name = Debug;
		};
		2C4A3DEC2DA45D4100CA818A /* Release */ = {
			isa = XCBuildConfiguration;
			buildSettings = {
				ASSETCATALOG_COMPILER_APPICON_NAME = AppIcon;
				ASSETCATALOG_COMPILER_GLOBAL_ACCENT_COLOR_NAME = AccentColor;
				CODE_SIGN_STYLE = Automatic;
				CURRENT_PROJECT_VERSION = 1;
				DEVELOPMENT_TEAM = 9FWV8TD269;
				ENABLE_PREVIEWS = YES;
				GENERATE_INFOPLIST_FILE = YES;
				INFOPLIST_KEY_UIApplicationSceneManifest_Generation = YES;
				INFOPLIST_KEY_UIApplicationSupportsIndirectInputEvents = YES;
				INFOPLIST_KEY_UILaunchScreen_Generation = YES;
				INFOPLIST_KEY_UISupportedInterfaceOrientations_iPad = "UIInterfaceOrientationPortrait UIInterfaceOrientationPortraitUpsideDown UIInterfaceOrientationLandscapeLeft UIInterfaceOrientationLandscapeRight";
				INFOPLIST_KEY_UISupportedInterfaceOrientations_iPhone = "UIInterfaceOrientationPortrait UIInterfaceOrientationLandscapeLeft UIInterfaceOrientationLandscapeRight";
				LD_RUNPATH_SEARCH_PATHS = (
					"$(inherited)",
					"@executable_path/Frameworks",
				);
				MARKETING_VERSION = 1.0;
				PRODUCT_BUNDLE_IDENTIFIER = "Ramazanow-Roman.effectMobileTestTask";
				PRODUCT_NAME = "$(TARGET_NAME)";
				SWIFT_EMIT_LOC_STRINGS = YES;
				SWIFT_VERSION = 5.0;
				TARGETED_DEVICE_FAMILY = "1,2";
			};
			name = Release;
		};
		2C4A3DEE2DA45D4100CA818A /* Debug */ = {
			isa = XCBuildConfiguration;
			buildSettings = {
				BUNDLE_LOADER = "$(TEST_HOST)";
				CODE_SIGN_STYLE = Automatic;
				CURRENT_PROJECT_VERSION = 1;
				DEVELOPMENT_TEAM = 9FWV8TD269;
				GENERATE_INFOPLIST_FILE = YES;
				IPHONEOS_DEPLOYMENT_TARGET = 18.4;
				MARKETING_VERSION = 1.0;
				PRODUCT_BUNDLE_IDENTIFIER = "Ramazanow-Roman.effectMobileTestTaskTests";
				PRODUCT_NAME = "$(TARGET_NAME)";
				SWIFT_EMIT_LOC_STRINGS = NO;
				SWIFT_VERSION = 5.0;
				TARGETED_DEVICE_FAMILY = "1,2";
				TEST_HOST = "$(BUILT_PRODUCTS_DIR)/effectMobileTestTask.app/$(BUNDLE_EXECUTABLE_FOLDER_PATH)/effectMobileTestTask";
			};
			name = Debug;
		};
		2C4A3DEF2DA45D4100CA818A /* Release */ = {
			isa = XCBuildConfiguration;
			buildSettings = {
				BUNDLE_LOADER = "$(TEST_HOST)";
				CODE_SIGN_STYLE = Automatic;
				CURRENT_PROJECT_VERSION = 1;
				DEVELOPMENT_TEAM = 9FWV8TD269;
				GENERATE_INFOPLIST_FILE = YES;
				IPHONEOS_DEPLOYMENT_TARGET = 18.4;
				MARKETING_VERSION = 1.0;
				PRODUCT_BUNDLE_IDENTIFIER = "Ramazanow-Roman.effectMobileTestTaskTests";
				PRODUCT_NAME = "$(TARGET_NAME)";
				SWIFT_EMIT_LOC_STRINGS = NO;
				SWIFT_VERSION = 5.0;
				TARGETED_DEVICE_FAMILY = "1,2";
				TEST_HOST = "$(BUILT_PRODUCTS_DIR)/effectMobileTestTask.app/$(BUNDLE_EXECUTABLE_FOLDER_PATH)/effectMobileTestTask";
			};
			name = Release;
		};
		2C4A3DF12DA45D4100CA818A /* Debug */ = {
			isa = XCBuildConfiguration;
			buildSettings = {
				CODE_SIGN_STYLE = Automatic;
				CURRENT_PROJECT_VERSION = 1;
				DEVELOPMENT_TEAM = 9FWV8TD269;
				GENERATE_INFOPLIST_FILE = YES;
				MARKETING_VERSION = 1.0;
				PRODUCT_BUNDLE_IDENTIFIER = "Ramazanow-Roman.effectMobileTestTaskUITests";
				PRODUCT_NAME = "$(TARGET_NAME)";
				SWIFT_EMIT_LOC_STRINGS = NO;
				SWIFT_VERSION = 5.0;
				TARGETED_DEVICE_FAMILY = "1,2";
				TEST_TARGET_NAME = effectMobileTestTask;
			};
			name = Debug;
		};
		2C4A3DF22DA45D4100CA818A /* Release */ = {
			isa = XCBuildConfiguration;
			buildSettings = {
				CODE_SIGN_STYLE = Automatic;
				CURRENT_PROJECT_VERSION = 1;
				DEVELOPMENT_TEAM = 9FWV8TD269;
				GENERATE_INFOPLIST_FILE = YES;
				MARKETING_VERSION = 1.0;
				PRODUCT_BUNDLE_IDENTIFIER = "Ramazanow-Roman.effectMobileTestTaskUITests";
				PRODUCT_NAME = "$(TARGET_NAME)";
				SWIFT_EMIT_LOC_STRINGS = NO;
				SWIFT_VERSION = 5.0;
				TARGETED_DEVICE_FAMILY = "1,2";
				TEST_TARGET_NAME = effectMobileTestTask;
			};
			name = Release;
		};
/* End XCBuildConfiguration section */

/* Begin XCConfigurationList section */
		2C4A3DBF2DA45D3F00CA818A /* Build configuration list for PBXProject "effectMobileTestTask" */ = {
			isa = XCConfigurationList;
			buildConfigurations = (
				2C4A3DE82DA45D4100CA818A /* Debug */,
				2C4A3DE92DA45D4100CA818A /* Release */,
			);
			defaultConfigurationIsVisible = 0;
			defaultConfigurationName = Release;
		};
		2C4A3DEA2DA45D4100CA818A /* Build configuration list for PBXNativeTarget "effectMobileTestTask" */ = {
			isa = XCConfigurationList;
			buildConfigurations = (
				2C4A3DEB2DA45D4100CA818A /* Debug */,
				2C4A3DEC2DA45D4100CA818A /* Release */,
			);
			defaultConfigurationIsVisible = 0;
			defaultConfigurationName = Release;
		};
		2C4A3DED2DA45D4100CA818A /* Build configuration list for PBXNativeTarget "effectMobileTestTaskTests" */ = {
			isa = XCConfigurationList;
			buildConfigurations = (
				2C4A3DEE2DA45D4100CA818A /* Debug */,
				2C4A3DEF2DA45D4100CA818A /* Release */,
			);
			defaultConfigurationIsVisible = 0;
			defaultConfigurationName = Release;
		};
		2C4A3DF02DA45D4100CA818A /* Build configuration list for PBXNativeTarget "effectMobileTestTaskUITests" */ = {
			isa = XCConfigurationList;
			buildConfigurations = (
				2C4A3DF12DA45D4100CA818A /* Debug */,
				2C4A3DF22DA45D4100CA818A /* Release */,
			);
			defaultConfigurationIsVisible = 0;
			defaultConfigurationName = Release;
		};
/* End XCConfigurationList section */
	};
	rootObject = 2C4A3DBC2DA45D3F00CA818A /* Project object */;
}
